Microsoft Visual Studio Solution File, Format Version 8.00
Project("{F184B08F-C81C-45F6-A57F-5ABD9991F28F}") = "manage", "http://localhost/manage/manage.vbproj", "{B115204B-5AC3-4CCC-A0A0-6961A20F8957}"
	ProjectSection(ProjectDependencies) = postProject
	EndProjectSection
EndProject
Global
	GlobalSection(SolutionConfiguration) = preSolution
		Debug = Debug
		Release = Release
	EndGlobalSection
	GlobalSection(ProjectConfiguration) = postSolution
		{B115204B-5AC3-4CCC-A0A0-6961A20F8957}.Debug.ActiveCfg = Debug|.NET
		{B115204B-5AC3-4CCC-A0A0-6961A20F8957}.Debug.Build.0 = Debug|.NET
		{B115204B-5AC3-4CCC-A0A0-6961A20F8957}.Release.ActiveCfg = Release|.NET
		{B115204B-5AC3-4CCC-A0A0-6961A20F8957}.Release.Build.0 = Release|.NET
	EndGlobalSection
	GlobalSection(ExtensibilityGlobals) = postSolution
	EndGlobalSection
	GlobalSection(ExtensibilityAddIns) = postSolution
	EndGlobalSection
EndGlobal
