Microsoft Visual Studio Solution File, Format Version 8.00
Project("{F184B08F-C81C-45F6-A57F-5ABD9991F28F}") = "CSC_IND_Internet", "http://localhost/CSC_IND_Internet/CSC_IND_Internet.vbproj", "{158FC05B-B757-4E7A-9D2B-E16A32345CBB}"
	ProjectSection(ProjectDependencies) = postProject
	EndProjectSection
EndProject
Global
	GlobalSection(SolutionConfiguration) = preSolution
		Debug = Debug
		Release = Release
	EndGlobalSection
	GlobalSection(ProjectConfiguration) = postSolution
		{158FC05B-B757-4E7A-9D2B-E16A32345CBB}.Debug.ActiveCfg = Debug|.NET
		{158FC05B-B757-4E7A-9D2B-E16A32345CBB}.Debug.Build.0 = Debug|.NET
		{158FC05B-B757-4E7A-9D2B-E16A32345CBB}.Release.ActiveCfg = Release|.NET
		{158FC05B-B757-4E7A-9D2B-E16A32345CBB}.Release.Build.0 = Release|.NET
	EndGlobalSection
	GlobalSection(ExtensibilityGlobals) = postSolution
	EndGlobalSection
	GlobalSection(ExtensibilityAddIns) = postSolution
	EndGlobalSection
EndGlobal
